
Microsoft Visual Studio Solution File, Format Version 12.00
# Visual Studio Version 17
VisualStudioVersion = 17.13.35825.156 d17.13
MinimumVisualStudioVersion = 10.0.40219.1
Project("{FAE04EC0-301F-11D3-BF4B-00C04F79EFBC}") = "PrzetwarzanieObrazow", "PrzetwarzanieObrazow\PrzetwarzanieObrazow.csproj", "{E1675DA7-CF1A-4E9A-A13F-ED1070728359}"
EndProject
Global
	GlobalSection(SolutionConfigurationPlatforms) = preSolution
		Debug|Any CPU = Debug|Any CPU
		Release|Any CPU = Release|Any CPU
	EndGlobalSection
	GlobalSection(ProjectConfigurationPlatforms) = postSolution
		{E1675DA7-CF1A-4E9A-A13F-ED1070728359}.Debug|Any CPU.ActiveCfg = Debug|Any CPU
		{E1675DA7-CF1A-4E9A-A13F-ED1070728359}.Debug|Any CPU.Build.0 = Debug|Any CPU
		{E1675DA7-CF1A-4E9A-A13F-ED1070728359}.Release|Any CPU.ActiveCfg = Release|Any CPU
		{E1675DA7-CF1A-4E9A-A13F-ED1070728359}.Release|Any CPU.Build.0 = Release|Any CPU
	EndGlobalSection
	GlobalSection(SolutionProperties) = preSolution
		HideSolutionNode = FALSE
	EndGlobalSection
	GlobalSection(ExtensibilityGlobals) = postSolution
		SolutionGuid = {9D6E0B89-8CDB-40AB-9D26-D881F9410BEF}
	EndGlobalSection
EndGlobal
